# THIS IS AN AUTOGENERATED FILE. DO NOT EDIT THIS FILE DIRECTLY.
# yarn lockfile v1


get-value@^2.0.3:
  version "2.0.6"
  resolved "https://registry.yarnpkg.com/get-value/-/get-value-2.0.6.tgz#dc15ca1c672387ca76bd37ac0a395ba2042a2c28"

has-value@^0.3.1:
  version "0.3.1"
  resolved "https://registry.yarnpkg.com/has-value/-/has-value-0.3.1.tgz#7b1f58bada62ca827ec0a2078025654845995e1f"
  dependencies:
    get-value "^2.0.3"
    has-values "^0.1.4"
    isobject "^2.0.0"

has-values@^0.1.4:
  version "0.1.4"
  resolved "https://registry.yarnpkg.com/has-values/-/has-values-0.1.4.tgz#6d61de95d91dfca9b9a02089ad384bff8f62b771"

is-plain-object@^2.0.1:
  version "2.0.4"
  resolved "https://registry.yarnpkg.com/is-plain-object/-/is-plain-object-2.0.4.tgz#2c163b3fafb1b606d9d17928f05c2a1c38e07677"
  dependencies:
    isobject "^3.0.1"

isarray@1.0.0:
  version "1.0.0"
  resolved "https://registry.yarnpkg.com/isarray/-/isarray-1.0.0.tgz#bb935d48582cba168c06834957a54a3e07124f11"

isobject@^2.0.0:
  version "2.1.0"
  resolved "https://registry.yarnpkg.com/isobject/-/isobject-2.1.0.tgz#f065561096a3f1da2ef46272f815c840d87e0c89"
  dependencies:
    isarray "1.0.0"

isobject@^3.0.0, isobject@^3.0.1:
  version "3.0.1"
  resolved "https://registry.yarnpkg.com/isobject/-/isobject-3.0.1.tgz#4e431e92b11a9731636aa1f9c8d1ccbcfdab78df"

omit-deep@^0.3.0:
  version "0.3.0"
  resolved "https://registry.yarnpkg.com/omit-deep/-/omit-deep-0.3.0.tgz#21c8af3499bcadd29651a232cbcacbc52445ebec"
  dependencies:
    is-plain-object "^2.0.1"
    unset-value "^0.1.1"

unset-value@^0.1.1:
  version "0.1.2"
  resolved "https://registry.yarnpkg.com/unset-value/-/unset-value-0.1.2.tgz#506810b867f27c2a5a6e9b04833631f6de58d310"
  dependencies:
    has-value "^0.3.1"
    isobject "^3.0.0"
